// !$*UTF8*$!
{
	archiveVersion = 1;
	classes = {
	};
	objectVersion = 56;
	objects = {

/* Begin PBXBuildFile section */
		C75AB5682A9A6D4900BA1950 /* MealsProjectApp.swift in Sources */ = {isa = PBXBuildFile; fileRef = C75AB5672A9A6D4900BA1950 /* MealsProjectApp.swift */; };
		C75AB56A2A9A6D4900BA1950 /* ContentView.swift in Sources */ = {isa = PBXBuildFile; fileRef = C75AB5692A9A6D4900BA1950 /* ContentView.swift */; };
		C75AB56C2A9A6D4B00BA1950 /* Assets.xcassets in Resources */ = {isa = PBXBuildFile; fileRef = C75AB56B2A9A6D4B00BA1950 /* Assets.xcassets */; };
		C75AB56F2A9A6D4B00BA1950 /* Preview Assets.xcassets in Resources */ = {isa = PBXBuildFile; fileRef = C75AB56E2A9A6D4B00BA1950 /* Preview Assets.xcassets */; };
		C75AB5772A9A6D6500BA1950 /* Models.swift in Sources */ = {isa = PBXBuildFile; fileRef = C75AB5762A9A6D6500BA1950 /* Models.swift */; };
		C75AB57A2A9A6E1D00BA1950 /* DetailView.swift in Sources */ = {isa = PBXBuildFile; fileRef = C75AB5792A9A6E1D00BA1950 /* DetailView.swift */; };
		C75AB57D2A9A6ED300BA1950 /* DesertsViewModel.swift in Sources */ = {isa = PBXBuildFile; fileRef = C75AB57C2A9A6ED300BA1950 /* DesertsViewModel.swift */; };
		C75AB5812A9A728900BA1950 /* CellView.swift in Sources */ = {isa = PBXBuildFile; fileRef = C75AB5802A9A728900BA1950 /* CellView.swift */; };
		C75AB5842A9A903D00BA1950 /* Constants.swift in Sources */ = {isa = PBXBuildFile; fileRef = C75AB5832A9A903D00BA1950 /* Constants.swift */; };
/* End PBXBuildFile section */

/* Begin PBXFileReference section */
		C75AB5642A9A6D4900BA1950 /* MealsProject.app */ = {isa = PBXFileReference; explicitFileType = wrapper.application; includeInIndex = 0; path = MealsProject.app; sourceTree = BUILT_PRODUCTS_DIR; };
		C75AB5672A9A6D4900BA1950 /* MealsProjectApp.swift */ = {isa = PBXFileReference; lastKnownFileType = sourcecode.swift; path = MealsProjectApp.swift; sourceTree = "<group>"; };
		C75AB5692A9A6D4900BA1950 /* ContentView.swift */ = {isa = PBXFileReference; lastKnownFileType = sourcecode.swift; path = ContentView.swift; sourceTree = "<group>"; };
		C75AB56B2A9A6D4B00BA1950 /* Assets.xcassets */ = {isa = PBXFileReference; lastKnownFileType = folder.assetcatalog; path = Assets.xcassets; sourceTree = "<group>"; };
		C75AB56E2A9A6D4B00BA1950 /* Preview Assets.xcassets */ = {isa = PBXFileReference; lastKnownFileType = folder.assetcatalog; path = "Preview Assets.xcassets"; sourceTree = "<group>"; };
		C75AB5762A9A6D6500BA1950 /* Models.swift */ = {isa = PBXFileReference; lastKnownFileType = sourcecode.swift; path = Models.swift; sourceTree = "<group>"; };
		C75AB5792A9A6E1D00BA1950 /* DetailView.swift */ = {isa = PBXFileReference; lastKnownFileType = sourcecode.swift; path = DetailView.swift; sourceTree = "<group>"; };
		C75AB57C2A9A6ED300BA1950 /* DesertsViewModel.swift */ = {isa = PBXFileReference; lastKnownFileType = sourcecode.swift; path = DesertsViewModel.swift; sourceTree = "<group>"; };
		C75AB5802A9A728900BA1950 /* CellView.swift */ = {isa = PBXFileReference; lastKnownFileType = sourcecode.swift; path = CellView.swift; sourceTree = "<group>"; };
		C75AB5832A9A903D00BA1950 /* Constants.swift */ = {isa = PBXFileReference; lastKnownFileType = sourcecode.swift; path = Constants.swift; sourceTree = "<group>"; };
/* End PBXFileReference section */

/* Begin PBXFrameworksBuildPhase section */
		C75AB5612A9A6D4900BA1950 /* Frameworks */ = {
			isa = PBXFrameworksBuildPhase;
			buildActionMask = 2147483647;
			files = (
			);
			runOnlyForDeploymentPostprocessing = 0;
		};
/* End PBXFrameworksBuildPhase section */

/* Begin PBXGroup section */
		C75AB55B2A9A6D4900BA1950 = {
			isa = PBXGroup;
			children = (
				C75AB5662A9A6D4900BA1950 /* MealsProject */,
				C75AB5652A9A6D4900BA1950 /* Products */,
			);
			sourceTree = "<group>";
		};
		C75AB5652A9A6D4900BA1950 /* Products */ = {
			isa = PBXGroup;
			children = (
				C75AB5642A9A6D4900BA1950 /* MealsProject.app */,
			);
			name = Products;
			sourceTree = "<group>";
		};
		C75AB5662A9A6D4900BA1950 /* MealsProject */ = {
			isa = PBXGroup;
			children = (
				C75AB5822A9A903100BA1950 /* Utils */,
				C75AB57B2A9A6EC500BA1950 /* ViewModel */,
				C75AB5782A9A6E0B00BA1950 /* Views */,
				C75AB5752A9A6D5A00BA1950 /* Models */,
				C75AB5672A9A6D4900BA1950 /* MealsProjectApp.swift */,
				C75AB56B2A9A6D4B00BA1950 /* Assets.xcassets */,
				C75AB56D2A9A6D4B00BA1950 /* Preview Content */,
			);
			path = MealsProject;
			sourceTree = "<group>";
		};
		C75AB56D2A9A6D4B00BA1950 /* Preview Content */ = {
			isa = PBXGroup;
			children = (
				C75AB56E2A9A6D4B00BA1950 /* Preview Assets.xcassets */,
			);
			path = "Preview Content";
			sourceTree = "<group>";
		};
		C75AB5752A9A6D5A00BA1950 /* Models */ = {
			isa = PBXGroup;
			children = (
				C75AB5762A9A6D6500BA1950 /* Models.swift */,
			);
			path = Models;
			sourceTree = "<group>";
		};
		C75AB5782A9A6E0B00BA1950 /* Views */ = {
			isa = PBXGroup;
			children = (
				C75AB5692A9A6D4900BA1950 /* ContentView.swift */,
				C75AB5792A9A6E1D00BA1950 /* DetailView.swift */,
				C75AB5802A9A728900BA1950 /* CellView.swift */,
			);
			path = Views;
			sourceTree = "<group>";
		};
		C75AB57B2A9A6EC500BA1950 /* ViewModel */ = {
			isa = PBXGroup;
			children = (
				C75AB57C2A9A6ED300BA1950 /* DesertsViewModel.swift */,
			);
			path = ViewModel;
			sourceTree = "<group>";
		};
		C75AB5822A9A903100BA1950 /* Utils */ = {
			isa = PBXGroup;
			children = (
				C75AB5832A9A903D00BA1950 /* Constants.swift */,
			);
			path = Utils;
			sourceTree = "<group>";
		};
/* End PBXGroup section */

/* Begin PBXNativeTarget section */
		C75AB5632A9A6D4900BA1950 /* MealsProject */ = {
			isa = PBXNativeTarget;
			buildConfigurationList = C75AB5722A9A6D4B00BA1950 /* Build configuration list for PBXNativeTarget "MealsProject" */;
			buildPhases = (
				C75AB5602A9A6D4900BA1950 /* Sources */,
				C75AB5612A9A6D4900BA1950 /* Frameworks */,
				C75AB5622A9A6D4900BA1950 /* Resources */,
			);
			buildRules = (
			);
			dependencies = (
			);
			name = MealsProject;
			productName = MealsProject;
			productReference = C75AB5642A9A6D4900BA1950 /* MealsProject.app */;
			productType = "com.apple.product-type.application";
		};
/* End PBXNativeTarget section */

/* Begin PBXProject section */
		C75AB55C2A9A6D4900BA1950 /* Project object */ = {
			isa = PBXProject;
			attributes = {
				BuildIndependentTargetsInParallel = 1;
				LastSwiftUpdateCheck = 1430;
				LastUpgradeCheck = 1430;
				TargetAttributes = {
					C75AB5632A9A6D4900BA1950 = {
						CreatedOnToolsVersion = 14.3;
					};
				};
			};
			buildConfigurationList = C75AB55F2A9A6D4900BA1950 /* Build configuration list for PBXProject "MealsProject" */;
			compatibilityVersion = "Xcode 14.0";
			developmentRegion = en;
			hasScannedForEncodings = 0;
			knownRegions = (
				en,
				Base,
			);
			mainGroup = C75AB55B2A9A6D4900BA1950;
			productRefGroup = C75AB5652A9A6D4900BA1950 /* Products */;
			projectDirPath = "";
			projectRoot = "";
			targets = (
				C75AB5632A9A6D4900BA1950 /* MealsProject */,
			);
		};
/* End PBXProject section */

/* Begin PBXResourcesBuildPhase section */
		C75AB5622A9A6D4900BA1950 /* Resources */ = {
			isa = PBXResourcesBuildPhase;
			buildActionMask = 2147483647;
			files = (
				C75AB56F2A9A6D4B00BA1950 /* Preview Assets.xcassets in Resources */,
				C75AB56C2A9A6D4B00BA1950 /* Assets.xcassets in Resources */,
			);
			runOnlyForDeploymentPostprocessing = 0;
		};
/* End PBXResourcesBuildPhase section */

/* Begin PBXSourcesBuildPhase section */
		C75AB5602A9A6D4900BA1950 /* Sources */ = {
			isa = PBXSourcesBuildPhase;
			buildActionMask = 2147483647;
			files = (
				C75AB5772A9A6D6500BA1950 /* Models.swift in Sources */,
				C75AB57D2A9A6ED300BA1950 /* DesertsViewModel.swift in Sources */,
				C75AB57A2A9A6E1D00BA1950 /* DetailView.swift in Sources */,
				C75AB56A2A9A6D4900BA1950 /* ContentView.swift in Sources */,
				C75AB5682A9A6D4900BA1950 /* MealsProjectApp.swift in Sources */,
				C75AB5812A9A728900BA1950 /* CellView.swift in Sources */,
				C75AB5842A9A903D00BA1950 /* Constants.swift in Sources */,
			);
			runOnlyForDeploymentPostprocessing = 0;
		};
/* End PBXSourcesBuildPhase section */

/* Begin XCBuildConfiguration section */
		C75AB5702A9A6D4B00BA1950 /* Debug */ = {
			isa = XCBuildConfiguration;
			buildSettings = {
				ALWAYS_SEARCH_USER_PATHS = NO;
				CLANG_ANALYZER_NONNULL = YES;
				CLANG_ANALYZER_NUMBER_OBJECT_CONVERSION = YES_AGGRESSIVE;
				CLANG_CXX_LANGUAGE_STANDARD = "gnu++20";
				CLANG_ENABLE_MODULES = YES;
				CLANG_ENABLE_OBJC_ARC = YES;
				CLANG_ENABLE_OBJC_WEAK = YES;
				CLANG_WARN_BLOCK_CAPTURE_AUTORELEASING = YES;
				CLANG_WARN_BOOL_CONVERSION = YES;
				CLANG_WARN_COMMA = YES;
				CLANG_WARN_CONSTANT_CONVERSION = YES;
				CLANG_WARN_DEPRECATED_OBJC_IMPLEMENTATIONS = YES;
				CLANG_WARN_DIRECT_OBJC_ISA_USAGE = YES_ERROR;
				CLANG_WARN_DOCUMENTATION_COMMENTS = YES;
				CLANG_WARN_EMPTY_BODY = YES;
				CLANG_WARN_ENUM_CONVERSION = YES;
				CLANG_WARN_INFINITE_RECURSION = YES;
				CLANG_WARN_INT_CONVERSION = YES;
				CLANG_WARN_NON_LITERAL_NULL_CONVERSION = YES;
				CLANG_WARN_OBJC_IMPLICIT_RETAIN_SELF = YES;
				CLANG_WARN_OBJC_LITERAL_CONVERSION = YES;
				CLANG_WARN_OBJC_ROOT_CLASS = YES_ERROR;
				CLANG_WARN_QUOTED_INCLUDE_IN_FRAMEWORK_HEADER = YES;
				CLANG_WARN_RANGE_LOOP_ANALYSIS = YES;
				CLANG_WARN_STRICT_PROTOTYPES = YES;
				CLANG_WARN_SUSPICIOUS_MOVE = YES;
				CLANG_WARN_UNGUARDED_AVAILABILITY = YES_AGGRESSIVE;
				CLANG_WARN_UNREACHABLE_CODE = YES;
				CLANG_WARN__DUPLICATE_METHOD_MATCH = YES;
				COPY_PHASE_STRIP = NO;
				DEBUG_INFORMATION_FORMAT = dwarf;
				ENABLE_STRICT_OBJC_MSGSEND = YES;
				ENABLE_TESTABILITY = YES;
				GCC_C_LANGUAGE_STANDARD = gnu11;
				GCC_DYNAMIC_NO_PIC = NO;
				GCC_NO_COMMON_BLOCKS = YES;
				GCC_OPTIMIZATION_LEVEL = 0;
				GCC_PREPROCESSOR_DEFINITIONS = (
					"DEBUG=1",
					"$(inherited)",
				);
				GCC_WARN_64_TO_32_BIT_CONVERSION = YES;
				GCC_WARN_ABOUT_RETURN_TYPE = YES_ERROR;
				GCC_WARN_UNDECLARED_SELECTOR = YES;
				GCC_WARN_UNINITIALIZED_AUTOS = YES_AGGRESSIVE;
				GCC_WARN_UNUSED_FUNCTION = YES;
				GCC_WARN_UNUSED_VARIABLE = YES;
				IPHONEOS_DEPLOYMENT_TARGET = 16.4;
				MTL_ENABLE_DEBUG_INFO = INCLUDE_SOURCE;
				MTL_FAST_MATH = YES;
				ONLY_ACTIVE_ARCH = YES;
				SDKROOT = iphoneos;
				SWIFT_ACTIVE_COMPILATION_CONDITIONS = DEBUG;
				SWIFT_OPTIMIZATION_LEVEL = "-Onone";
			};
			name = Debug;
		};
		C75AB5712A9A6D4B00BA1950 /* Release */ = {
			isa = XCBuildConfiguration;
			buildSettings = {
				ALWAYS_SEARCH_USER_PATHS = NO;
				CLANG_ANALYZER_NONNULL = YES;
				CLANG_ANALYZER_NUMBER_OBJECT_CONVERSION = YES_AGGRESSIVE;
				CLANG_CXX_LANGUAGE_STANDARD = "gnu++20";
				CLANG_ENABLE_MODULES = YES;
				CLANG_ENABLE_OBJC_ARC = YES;
				CLANG_ENABLE_OBJC_WEAK = YES;
				CLANG_WARN_BLOCK_CAPTURE_AUTORELEASING = YES;
				CLANG_WARN_BOOL_CONVERSION = YES;
				CLANG_WARN_COMMA = YES;
				CLANG_WARN_CONSTANT_CONVERSION = YES;
				CLANG_WARN_DEPRECATED_OBJC_IMPLEMENTATIONS = YES;
				CLANG_WARN_DIRECT_OBJC_ISA_USAGE = YES_ERROR;
				CLANG_WARN_DOCUMENTATION_COMMENTS = YES;
				CLANG_WARN_EMPTY_BODY = YES;
				CLANG_WARN_ENUM_CONVERSION = YES;
				CLANG_WARN_INFINITE_RECURSION = YES;
				CLANG_WARN_INT_CONVERSION = YES;
				CLANG_WARN_NON_LITERAL_NULL_CONVERSION = YES;
				CLANG_WARN_OBJC_IMPLICIT_RETAIN_SELF = YES;
				CLANG_WARN_OBJC_LITERAL_CONVERSION = YES;
				CLANG_WARN_OBJC_ROOT_CLASS = YES_ERROR;
				CLANG_WARN_QUOTED_INCLUDE_IN_FRAMEWORK_HEADER = YES;
				CLANG_WARN_RANGE_LOOP_ANALYSIS = YES;
				CLANG_WARN_STRICT_PROTOTYPES = YES;
				CLANG_WARN_SUSPICIOUS_MOVE = YES;
				CLANG_WARN_UNGUARDED_AVAILABILITY = YES_AGGRESSIVE;
				CLANG_WARN_UNREACHABLE_CODE = YES;
				CLANG_WARN__DUPLICATE_METHOD_MATCH = YES;
				COPY_PHASE_STRIP = NO;
				DEBUG_INFORMATION_FORMAT = "dwarf-with-dsym";
				ENABLE_NS_ASSERTIONS = NO;
				ENABLE_STRICT_OBJC_MSGSEND = YES;
				GCC_C_LANGUAGE_STANDARD = gnu11;
				GCC_NO_COMMON_BLOCKS = YES;
				GCC_WARN_64_TO_32_BIT_CONVERSION = YES;
				GCC_WARN_ABOUT_RETURN_TYPE = YES_ERROR;
				GCC_WARN_UNDECLARED_SELECTOR = YES;
				GCC_WARN_UNINITIALIZED_AUTOS = YES_AGGRESSIVE;
				GCC_WARN_UNUSED_FUNCTION = YES;
				GCC_WARN_UNUSED_VARIABLE = YES;
				IPHONEOS_DEPLOYMENT_TARGET = 16.4;
				MTL_ENABLE_DEBUG_INFO = NO;
				MTL_FAST_MATH = YES;
				SDKROOT = iphoneos;
				SWIFT_COMPILATION_MODE = wholemodule;
				SWIFT_OPTIMIZATION_LEVEL = "-O";
				VALIDATE_PRODUCT = YES;
			};
			name = Release;
		};
		C75AB5732A9A6D4B00BA1950 /* Debug */ = {
			isa = XCBuildConfiguration;
			buildSettings = {
				ASSETCATALOG_COMPILER_APPICON_NAME = AppIcon;
				ASSETCATALOG_COMPILER_GLOBAL_ACCENT_COLOR_NAME = AccentColor;
				CODE_SIGN_STYLE = Automatic;
				CURRENT_PROJECT_VERSION = 1;
				DEVELOPMENT_ASSET_PATHS = "\"MealsProject/Preview Content\"";
				DEVELOPMENT_TEAM = JKXK48Q872;
				ENABLE_PREVIEWS = YES;
				GENERATE_INFOPLIST_FILE = YES;
				INFOPLIST_KEY_UIApplicationSceneManifest_Generation = YES;
				INFOPLIST_KEY_UIApplicationSupportsIndirectInputEvents = YES;
				INFOPLIST_KEY_UILaunchScreen_Generation = YES;
				INFOPLIST_KEY_UISupportedInterfaceOrientations_iPad = "UIInterfaceOrientationPortrait UIInterfaceOrientationPortraitUpsideDown UIInterfaceOrientationLandscapeLeft UIInterfaceOrientationLandscapeRight";
				INFOPLIST_KEY_UISupportedInterfaceOrientations_iPhone = "UIInterfaceOrientationPortrait UIInterfaceOrientationLandscapeLeft UIInterfaceOrientationLandscapeRight";
				LD_RUNPATH_SEARCH_PATHS = (
					"$(inherited)",
					"@executable_path/Frameworks",
				);
				MARKETING_VERSION = 1.0;
				PRODUCT_BUNDLE_IDENTIFIER = U.MealsProject;
				PRODUCT_NAME = "$(TARGET_NAME)";
				SWIFT_EMIT_LOC_STRINGS = YES;
				SWIFT_VERSION = 5.0;
				TARGETED_DEVICE_FAMILY = "1,2";
			};
			name = Debug;
		};
		C75AB5742A9A6D4B00BA1950 /* Release */ = {
			isa = XCBuildConfiguration;
			buildSettings = {
				ASSETCATALOG_COMPILER_APPICON_NAME = AppIcon;
				ASSETCATALOG_COMPILER_GLOBAL_ACCENT_COLOR_NAME = AccentColor;
				CODE_SIGN_STYLE = Automatic;
				CURRENT_PROJECT_VERSION = 1;
				DEVELOPMENT_ASSET_PATHS = "\"MealsProject/Preview Content\"";
				DEVELOPMENT_TEAM = JKXK48Q872;
				ENABLE_PREVIEWS = YES;
				GENERATE_INFOPLIST_FILE = YES;
				INFOPLIST_KEY_UIApplicationSceneManifest_Generation = YES;
				INFOPLIST_KEY_UIApplicationSupportsIndirectInputEvents = YES;
				INFOPLIST_KEY_UILaunchScreen_Generation = YES;
				INFOPLIST_KEY_UISupportedInterfaceOrientations_iPad = "UIInterfaceOrientationPortrait UIInterfaceOrientationPortraitUpsideDown UIInterfaceOrientationLandscapeLeft UIInterfaceOrientationLandscapeRight";
				INFOPLIST_KEY_UISupportedInterfaceOrientations_iPhone = "UIInterfaceOrientationPortrait UIInterfaceOrientationLandscapeLeft UIInterfaceOrientationLandscapeRight";
				LD_RUNPATH_SEARCH_PATHS = (
					"$(inherited)",
					"@executable_path/Frameworks",
				);
				MARKETING_VERSION = 1.0;
				PRODUCT_BUNDLE_IDENTIFIER = U.MealsProject;
				PRODUCT_NAME = "$(TARGET_NAME)";
				SWIFT_EMIT_LOC_STRINGS = YES;
				SWIFT_VERSION = 5.0;
				TARGETED_DEVICE_FAMILY = "1,2";
			};
			name = Release;
		};
/* End XCBuildConfiguration section */

/* Begin XCConfigurationList section */
		C75AB55F2A9A6D4900BA1950 /* Build configuration list for PBXProject "MealsProject" */ = {
			isa = XCConfigurationList;
			buildConfigurations = (
				C75AB5702A9A6D4B00BA1950 /* Debug */,
				C75AB5712A9A6D4B00BA1950 /* Release */,
			);
			defaultConfigurationIsVisible = 0;
			defaultConfigurationName = Release;
		};
		C75AB5722A9A6D4B00BA1950 /* Build configuration list for PBXNativeTarget "MealsProject" */ = {
			isa = XCConfigurationList;
			buildConfigurations = (
				C75AB5732A9A6D4B00BA1950 /* Debug */,
				C75AB5742A9A6D4B00BA1950 /* Release */,
			);
			defaultConfigurationIsVisible = 0;
			defaultConfigurationName = Release;
		};
/* End XCConfigurationList section */
	};
	rootObject = C75AB55C2A9A6D4900BA1950 /* Project object */;
}
